
Microsoft Visual Studio Solution File, Format Version 12.00
# Visual Studio Version 17
VisualStudioVersion = 17.8.34330.188
MinimumVisualStudioVersion = 10.0.40219.1
Project("{9A19103F-16F7-4668-BE54-9A1E7A4F7556}") = "MSAuth.API", "MSAuth\MSAuth.API\MSAuth.API.csproj", "{D6FE42F2-F3D3-4AA8-8BF0-D95BED3591DE}"
EndProject
Project("{9A19103F-16F7-4668-BE54-9A1E7A4F7556}") = "MSAuth.Domain", "MSAuth\MSAuth.Domain\MSAuth.Domain.csproj", "{46C318ED-353C-42BA-89CB-FEA2A1088573}"
EndProject
Project("{9A19103F-16F7-4668-BE54-9A1E7A4F7556}") = "MSAuth.Infrastructure", "MSAuth\MSAuth.Infrastructure\MSAuth.Infrastructure.csproj", "{7FA4FD4D-EA86-476B-9B13-CAFA61454F76}"
EndProject
Project("{9A19103F-16F7-4668-BE54-9A1E7A4F7556}") = "MSAuth.Application", "MSAuth\MSAuth.Application\MSAuth.Application.csproj", "{2E682DC5-2850-4F19-9092-3AE25BC74A59}"
EndProject
Project("{2150E333-8FDC-42A3-9474-1A3956D46DE8}") = "Solution Items", "Solution Items", "{770078EE-BD84-4C4C-BF1F-184F2732FB7A}"
	ProjectSection(SolutionItems) = preProject
		README.md = README.md
	EndProjectSection
EndProject
Project("{2150E333-8FDC-42A3-9474-1A3956D46DE8}") = "MSAuth", "MSAuth", "{AB8246B7-F3FD-44C5-88BD-5338C2C17AF9}"
EndProject
Project("{E53339B2-1760-4266-BCC7-CA923CBCF16C}") = "docker-compose", "docker-compose.dcproj", "{1B63F912-7377-4E67-A52E-793281FF918F}"
EndProject
Project("{2150E333-8FDC-42A3-9474-1A3956D46DE8}") = "Gym", "Gym", "{64021AEE-0A15-4DA1-AB9E-0F7B2E2ACB48}"
EndProject
Project("{2150E333-8FDC-42A3-9474-1A3956D46DE8}") = "MSGym", "MSGym", "{6B40B9E6-3019-4C81-9515-CA5A96E75305}"
EndProject
Project("{9A19103F-16F7-4668-BE54-9A1E7A4F7556}") = "MSGym.API", "Gym\MSGym\MSGym.API\MSGym.API.csproj", "{A8DD2165-43FF-47F1-97C0-77D1DBBCE350}"
EndProject
Project("{2150E333-8FDC-42A3-9474-1A3956D46DE8}") = "MSGamification", "MSGamification", "{B300FF8B-0A2B-45D2-A8B7-34E56CD47240}"
EndProject
Project("{9A19103F-16F7-4668-BE54-9A1E7A4F7556}") = "MSGamification.API", "Gym\MSGamification\MSGamification.API\MSGamification.API.csproj", "{714476F2-5AD2-4294-86FD-0015B49254F3}"
EndProject
Project("{9A19103F-16F7-4668-BE54-9A1E7A4F7556}") = "API.Gateway", "API.Gateway\API.Gateway.csproj", "{7C6642E7-1BD7-4574-8830-E0DA535112B2}"
EndProject
Project("{9A19103F-16F7-4668-BE54-9A1E7A4F7556}") = "MSGym.Application", "Gym\MSGym\MSGym.Application\MSGym.Application.csproj", "{B7453757-8FA5-46C6-B21C-34F9E52E6B50}"
EndProject
Project("{9A19103F-16F7-4668-BE54-9A1E7A4F7556}") = "MSGym.Domain", "Gym\MSGym\MSGym.Domain\MSGym.Domain.csproj", "{5574F1FE-4F13-4802-9FD4-69023F88F6A4}"
EndProject
Project("{9A19103F-16F7-4668-BE54-9A1E7A4F7556}") = "MSGym.Infrastructure", "Gym\MSGym\MSGym.Infrastructure\MSGym.Infrastructure.csproj", "{FA2A1448-9823-4CBD-9619-1CE2E37C52BF}"
EndProject
Project("{9A19103F-16F7-4668-BE54-9A1E7A4F7556}") = "MSGamification.Infrastructure", "Gym\MSGamification\MSGamification.Infrastructure\MSGamification.Infrastructure.csproj", "{BEBB19C2-A536-446A-8E2B-6105331AF3B9}"
EndProject
Project("{9A19103F-16F7-4668-BE54-9A1E7A4F7556}") = "MSGamification.Application", "Gym\MSGamification\MSGamification.Application\MSGamification.Application.csproj", "{9B5E1642-D793-4C85-9FF5-F17A4619F0D7}"
EndProject
Project("{9A19103F-16F7-4668-BE54-9A1E7A4F7556}") = "MSGamification.Domain", "Gym\MSGamification\MSGamification.Domain\MSGamification.Domain.csproj", "{25AED7E5-2E23-4254-AE44-BB7E811FA543}"
EndProject
Project("{2150E333-8FDC-42A3-9474-1A3956D46DE8}") = "Shared", "Shared", "{7323DAA6-EB32-404F-904B-250F73736F97}"
EndProject
Project("{9A19103F-16F7-4668-BE54-9A1E7A4F7556}") = "SharedEvents", "Shared\SharedEvents\SharedEvents.csproj", "{79CB53DB-06E5-42EF-A688-734DF496F79D}"
EndProject
Global
	GlobalSection(SolutionConfigurationPlatforms) = preSolution
		Debug|Any CPU = Debug|Any CPU
		Release|Any CPU = Release|Any CPU
	EndGlobalSection
	GlobalSection(ProjectConfigurationPlatforms) = postSolution
		{D6FE42F2-F3D3-4AA8-8BF0-D95BED3591DE}.Debug|Any CPU.ActiveCfg = Debug|Any CPU
		{D6FE42F2-F3D3-4AA8-8BF0-D95BED3591DE}.Debug|Any CPU.Build.0 = Debug|Any CPU
		{D6FE42F2-F3D3-4AA8-8BF0-D95BED3591DE}.Release|Any CPU.ActiveCfg = Release|Any CPU
		{D6FE42F2-F3D3-4AA8-8BF0-D95BED3591DE}.Release|Any CPU.Build.0 = Release|Any CPU
		{46C318ED-353C-42BA-89CB-FEA2A1088573}.Debug|Any CPU.ActiveCfg = Debug|Any CPU
		{46C318ED-353C-42BA-89CB-FEA2A1088573}.Debug|Any CPU.Build.0 = Debug|Any CPU
		{46C318ED-353C-42BA-89CB-FEA2A1088573}.Release|Any CPU.ActiveCfg = Release|Any CPU
		{46C318ED-353C-42BA-89CB-FEA2A1088573}.Release|Any CPU.Build.0 = Release|Any CPU
		{7FA4FD4D-EA86-476B-9B13-CAFA61454F76}.Debug|Any CPU.ActiveCfg = Debug|Any CPU
		{7FA4FD4D-EA86-476B-9B13-CAFA61454F76}.Debug|Any CPU.Build.0 = Debug|Any CPU
		{7FA4FD4D-EA86-476B-9B13-CAFA61454F76}.Release|Any CPU.ActiveCfg = Release|Any CPU
		{7FA4FD4D-EA86-476B-9B13-CAFA61454F76}.Release|Any CPU.Build.0 = Release|Any CPU
		{2E682DC5-2850-4F19-9092-3AE25BC74A59}.Debug|Any CPU.ActiveCfg = Debug|Any CPU
		{2E682DC5-2850-4F19-9092-3AE25BC74A59}.Debug|Any CPU.Build.0 = Debug|Any CPU
		{2E682DC5-2850-4F19-9092-3AE25BC74A59}.Release|Any CPU.ActiveCfg = Release|Any CPU
		{2E682DC5-2850-4F19-9092-3AE25BC74A59}.Release|Any CPU.Build.0 = Release|Any CPU
		{1B63F912-7377-4E67-A52E-793281FF918F}.Debug|Any CPU.ActiveCfg = Debug|Any CPU
		{1B63F912-7377-4E67-A52E-793281FF918F}.Debug|Any CPU.Build.0 = Debug|Any CPU
		{1B63F912-7377-4E67-A52E-793281FF918F}.Release|Any CPU.ActiveCfg = Release|Any CPU
		{1B63F912-7377-4E67-A52E-793281FF918F}.Release|Any CPU.Build.0 = Release|Any CPU
		{A8DD2165-43FF-47F1-97C0-77D1DBBCE350}.Debug|Any CPU.ActiveCfg = Debug|Any CPU
		{A8DD2165-43FF-47F1-97C0-77D1DBBCE350}.Debug|Any CPU.Build.0 = Debug|Any CPU
		{A8DD2165-43FF-47F1-97C0-77D1DBBCE350}.Release|Any CPU.ActiveCfg = Release|Any CPU
		{A8DD2165-43FF-47F1-97C0-77D1DBBCE350}.Release|Any CPU.Build.0 = Release|Any CPU
		{714476F2-5AD2-4294-86FD-0015B49254F3}.Debug|Any CPU.ActiveCfg = Debug|Any CPU
		{714476F2-5AD2-4294-86FD-0015B49254F3}.Debug|Any CPU.Build.0 = Debug|Any CPU
		{714476F2-5AD2-4294-86FD-0015B49254F3}.Release|Any CPU.ActiveCfg = Release|Any CPU
		{714476F2-5AD2-4294-86FD-0015B49254F3}.Release|Any CPU.Build.0 = Release|Any CPU
		{7C6642E7-1BD7-4574-8830-E0DA535112B2}.Debug|Any CPU.ActiveCfg = Debug|Any CPU
		{7C6642E7-1BD7-4574-8830-E0DA535112B2}.Debug|Any CPU.Build.0 = Debug|Any CPU
		{7C6642E7-1BD7-4574-8830-E0DA535112B2}.Release|Any CPU.ActiveCfg = Release|Any CPU
		{7C6642E7-1BD7-4574-8830-E0DA535112B2}.Release|Any CPU.Build.0 = Release|Any CPU
		{B7453757-8FA5-46C6-B21C-34F9E52E6B50}.Debug|Any CPU.ActiveCfg = Debug|Any CPU
		{B7453757-8FA5-46C6-B21C-34F9E52E6B50}.Debug|Any CPU.Build.0 = Debug|Any CPU
		{B7453757-8FA5-46C6-B21C-34F9E52E6B50}.Release|Any CPU.ActiveCfg = Release|Any CPU
		{B7453757-8FA5-46C6-B21C-34F9E52E6B50}.Release|Any CPU.Build.0 = Release|Any CPU
		{5574F1FE-4F13-4802-9FD4-69023F88F6A4}.Debug|Any CPU.ActiveCfg = Debug|Any CPU
		{5574F1FE-4F13-4802-9FD4-69023F88F6A4}.Debug|Any CPU.Build.0 = Debug|Any CPU
		{5574F1FE-4F13-4802-9FD4-69023F88F6A4}.Release|Any CPU.ActiveCfg = Release|Any CPU
		{5574F1FE-4F13-4802-9FD4-69023F88F6A4}.Release|Any CPU.Build.0 = Release|Any CPU
		{FA2A1448-9823-4CBD-9619-1CE2E37C52BF}.Debug|Any CPU.ActiveCfg = Debug|Any CPU
		{FA2A1448-9823-4CBD-9619-1CE2E37C52BF}.Debug|Any CPU.Build.0 = Debug|Any CPU
		{FA2A1448-9823-4CBD-9619-1CE2E37C52BF}.Release|Any CPU.ActiveCfg = Release|Any CPU
		{FA2A1448-9823-4CBD-9619-1CE2E37C52BF}.Release|Any CPU.Build.0 = Release|Any CPU
		{BEBB19C2-A536-446A-8E2B-6105331AF3B9}.Debug|Any CPU.ActiveCfg = Debug|Any CPU
		{BEBB19C2-A536-446A-8E2B-6105331AF3B9}.Debug|Any CPU.Build.0 = Debug|Any CPU
		{BEBB19C2-A536-446A-8E2B-6105331AF3B9}.Release|Any CPU.ActiveCfg = Release|Any CPU
		{BEBB19C2-A536-446A-8E2B-6105331AF3B9}.Release|Any CPU.Build.0 = Release|Any CPU
		{9B5E1642-D793-4C85-9FF5-F17A4619F0D7}.Debug|Any CPU.ActiveCfg = Debug|Any CPU
		{9B5E1642-D793-4C85-9FF5-F17A4619F0D7}.Debug|Any CPU.Build.0 = Debug|Any CPU
		{9B5E1642-D793-4C85-9FF5-F17A4619F0D7}.Release|Any CPU.ActiveCfg = Release|Any CPU
		{9B5E1642-D793-4C85-9FF5-F17A4619F0D7}.Release|Any CPU.Build.0 = Release|Any CPU
		{25AED7E5-2E23-4254-AE44-BB7E811FA543}.Debug|Any CPU.ActiveCfg = Debug|Any CPU
		{25AED7E5-2E23-4254-AE44-BB7E811FA543}.Debug|Any CPU.Build.0 = Debug|Any CPU
		{25AED7E5-2E23-4254-AE44-BB7E811FA543}.Release|Any CPU.ActiveCfg = Release|Any CPU
		{25AED7E5-2E23-4254-AE44-BB7E811FA543}.Release|Any CPU.Build.0 = Release|Any CPU
		{79CB53DB-06E5-42EF-A688-734DF496F79D}.Debug|Any CPU.ActiveCfg = Debug|Any CPU
		{79CB53DB-06E5-42EF-A688-734DF496F79D}.Debug|Any CPU.Build.0 = Debug|Any CPU
		{79CB53DB-06E5-42EF-A688-734DF496F79D}.Release|Any CPU.ActiveCfg = Release|Any CPU
		{79CB53DB-06E5-42EF-A688-734DF496F79D}.Release|Any CPU.Build.0 = Release|Any CPU
	EndGlobalSection
	GlobalSection(SolutionProperties) = preSolution
		HideSolutionNode = FALSE
	EndGlobalSection
	GlobalSection(NestedProjects) = preSolution
		{D6FE42F2-F3D3-4AA8-8BF0-D95BED3591DE} = {AB8246B7-F3FD-44C5-88BD-5338C2C17AF9}
		{46C318ED-353C-42BA-89CB-FEA2A1088573} = {AB8246B7-F3FD-44C5-88BD-5338C2C17AF9}
		{7FA4FD4D-EA86-476B-9B13-CAFA61454F76} = {AB8246B7-F3FD-44C5-88BD-5338C2C17AF9}
		{2E682DC5-2850-4F19-9092-3AE25BC74A59} = {AB8246B7-F3FD-44C5-88BD-5338C2C17AF9}
		{6B40B9E6-3019-4C81-9515-CA5A96E75305} = {64021AEE-0A15-4DA1-AB9E-0F7B2E2ACB48}
		{A8DD2165-43FF-47F1-97C0-77D1DBBCE350} = {6B40B9E6-3019-4C81-9515-CA5A96E75305}
		{B300FF8B-0A2B-45D2-A8B7-34E56CD47240} = {64021AEE-0A15-4DA1-AB9E-0F7B2E2ACB48}
		{714476F2-5AD2-4294-86FD-0015B49254F3} = {B300FF8B-0A2B-45D2-A8B7-34E56CD47240}
		{B7453757-8FA5-46C6-B21C-34F9E52E6B50} = {6B40B9E6-3019-4C81-9515-CA5A96E75305}
		{5574F1FE-4F13-4802-9FD4-69023F88F6A4} = {6B40B9E6-3019-4C81-9515-CA5A96E75305}
		{FA2A1448-9823-4CBD-9619-1CE2E37C52BF} = {6B40B9E6-3019-4C81-9515-CA5A96E75305}
		{BEBB19C2-A536-446A-8E2B-6105331AF3B9} = {B300FF8B-0A2B-45D2-A8B7-34E56CD47240}
		{9B5E1642-D793-4C85-9FF5-F17A4619F0D7} = {B300FF8B-0A2B-45D2-A8B7-34E56CD47240}
		{25AED7E5-2E23-4254-AE44-BB7E811FA543} = {B300FF8B-0A2B-45D2-A8B7-34E56CD47240}
		{79CB53DB-06E5-42EF-A688-734DF496F79D} = {7323DAA6-EB32-404F-904B-250F73736F97}
	EndGlobalSection
	GlobalSection(ExtensibilityGlobals) = postSolution
		SolutionGuid = {878D7AD2-5982-4639-B6C1-62EC65581AC5}
	EndGlobalSection
EndGlobal
